// !$*UTF8*$!
{
	archiveVersion = 1;
	classes = {
	};
	objectVersion = 51;
	objects = {

/* Begin PBXBuildFile section */
		A222F59024036647001B7E6B /* AppDelegate.swift in Sources */ = {isa = PBXBuildFile; fileRef = A222F58F24036647001B7E6B /* AppDelegate.swift */; };
		A222F59224036647001B7E6B /* SceneDelegate.swift in Sources */ = {isa = PBXBuildFile; fileRef = A222F59124036647001B7E6B /* SceneDelegate.swift */; };
		A222F59724036647001B7E6B /* Main.storyboard in Resources */ = {isa = PBXBuildFile; fileRef = A222F59524036647001B7E6B /* Main.storyboard */; };
		A222F5992403664A001B7E6B /* Assets.xcassets in Resources */ = {isa = PBXBuildFile; fileRef = A222F5982403664A001B7E6B /* Assets.xcassets */; };
		A222F59C2403664A001B7E6B /* LaunchScreen.storyboard in Resources */ = {isa = PBXBuildFile; fileRef = A222F59A2403664A001B7E6B /* LaunchScreen.storyboard */; };
		A222F5A424036A4B001B7E6B /* LoginViewController.swift in Sources */ = {isa = PBXBuildFile; fileRef = A222F5A324036A4B001B7E6B /* LoginViewController.swift */; };
		A222F5A624036A5E001B7E6B /* FeedViewController.swift in Sources */ = {isa = PBXBuildFile; fileRef = A222F5A524036A5E001B7E6B /* FeedViewController.swift */; };
		A222F5A824037972001B7E6B /* CameraViewController.swift in Sources */ = {isa = PBXBuildFile; fileRef = A222F5A724037972001B7E6B /* CameraViewController.swift */; };
		A222F5AA24038F0A001B7E6B /* PostCell.swift in Sources */ = {isa = PBXBuildFile; fileRef = A222F5A924038F0A001B7E6B /* PostCell.swift */; };
		A222F5AC2405EC6D001B7E6B /* Default-568h@2x.png in Resources */ = {isa = PBXBuildFile; fileRef = A222F5AB2405EC6C001B7E6B /* Default-568h@2x.png */; };
		DF1E205FC3273E1CB5F3D076 /* Pods_Parse_Instagram.framework in Frameworks */ = {isa = PBXBuildFile; fileRef = B8D7245006E2C5202FF41224 /* Pods_Parse_Instagram.framework */; };
/* End PBXBuildFile section */

/* Begin PBXFileReference section */
		86564BA11FAEED4910431F01 /* Pods-Parse-Instagram.debug.xcconfig */ = {isa = PBXFileReference; includeInIndex = 1; lastKnownFileType = text.xcconfig; name = "Pods-Parse-Instagram.debug.xcconfig"; path = "Target Support Files/Pods-Parse-Instagram/Pods-Parse-Instagram.debug.xcconfig"; sourceTree = "<group>"; };
		A222F58C24036647001B7E6B /* Parse-Instagram.app */ = {isa = PBXFileReference; explicitFileType = wrapper.application; includeInIndex = 0; path = "Parse-Instagram.app"; sourceTree = BUILT_PRODUCTS_DIR; };
		A222F58F24036647001B7E6B /* AppDelegate.swift */ = {isa = PBXFileReference; lastKnownFileType = sourcecode.swift; path = AppDelegate.swift; sourceTree = "<group>"; };
		A222F59124036647001B7E6B /* SceneDelegate.swift */ = {isa = PBXFileReference; lastKnownFileType = sourcecode.swift; path = SceneDelegate.swift; sourceTree = "<group>"; };
		A222F59624036647001B7E6B /* Base */ = {isa = PBXFileReference; lastKnownFileType = file.storyboard; name = Base; path = Base.lproj/Main.storyboard; sourceTree = "<group>"; };
		A222F5982403664A001B7E6B /* Assets.xcassets */ = {isa = PBXFileReference; lastKnownFileType = folder.assetcatalog; path = Assets.xcassets; sourceTree = "<group>"; };
		A222F59B2403664A001B7E6B /* Base */ = {isa = PBXFileReference; lastKnownFileType = file.storyboard; name = Base; path = Base.lproj/LaunchScreen.storyboard; sourceTree = "<group>"; };
		A222F59D2403664A001B7E6B /* Info.plist */ = {isa = PBXFileReference; lastKnownFileType = text.plist.xml; path = Info.plist; sourceTree = "<group>"; };
		A222F5A324036A4B001B7E6B /* LoginViewController.swift */ = {isa = PBXFileReference; lastKnownFileType = sourcecode.swift; path = LoginViewController.swift; sourceTree = "<group>"; };
		A222F5A524036A5E001B7E6B /* FeedViewController.swift */ = {isa = PBXFileReference; lastKnownFileType = sourcecode.swift; path = FeedViewController.swift; sourceTree = "<group>"; };
		A222F5A724037972001B7E6B /* CameraViewController.swift */ = {isa = PBXFileReference; lastKnownFileType = sourcecode.swift; path = CameraViewController.swift; sourceTree = "<group>"; };
		A222F5A924038F0A001B7E6B /* PostCell.swift */ = {isa = PBXFileReference; lastKnownFileType = sourcecode.swift; path = PostCell.swift; sourceTree = "<group>"; };
		A222F5AB2405EC6C001B7E6B /* Default-568h@2x.png */ = {isa = PBXFileReference; lastKnownFileType = image.png; path = "Default-568h@2x.png"; sourceTree = "<group>"; };
		B8D7245006E2C5202FF41224 /* Pods_Parse_Instagram.framework */ = {isa = PBXFileReference; explicitFileType = wrapper.framework; includeInIndex = 0; path = Pods_Parse_Instagram.framework; sourceTree = BUILT_PRODUCTS_DIR; };
		CE787934EF39F314A769A8DF /* Pods-Parse-Instagram.release.xcconfig */ = {isa = PBXFileReference; includeInIndex = 1; lastKnownFileType = text.xcconfig; name = "Pods-Parse-Instagram.release.xcconfig"; path = "Target Support Files/Pods-Parse-Instagram/Pods-Parse-Instagram.release.xcconfig"; sourceTree = "<group>"; };
/* End PBXFileReference section */

/* Begin PBXFrameworksBuildPhase section */
		A222F58924036647001B7E6B /* Frameworks */ = {
			isa = PBXFrameworksBuildPhase;
			buildActionMask = 2147483647;
			files = (
				DF1E205FC3273E1CB5F3D076 /* Pods_Parse_Instagram.framework in Frameworks */,
			);
			runOnlyForDeploymentPostprocessing = 0;
		};
/* End PBXFrameworksBuildPhase section */

/* Begin PBXGroup section */
		84AB4037CE9013DA21A85FFF /* Frameworks */ = {
			isa = PBXGroup;
			children = (
				B8D7245006E2C5202FF41224 /* Pods_Parse_Instagram.framework */,
			);
			name = Frameworks;
			sourceTree = "<group>";
		};
		A222F58324036647001B7E6B = {
			isa = PBXGroup;
			children = (
				A222F5AB2405EC6C001B7E6B /* Default-568h@2x.png */,
				A222F58E24036647001B7E6B /* Parse-Instagram */,
				A222F58D24036647001B7E6B /* Products */,
				BA050090FFE024106851A35F /* Pods */,
				84AB4037CE9013DA21A85FFF /* Frameworks */,
			);
			sourceTree = "<group>";
		};
		A222F58D24036647001B7E6B /* Products */ = {
			isa = PBXGroup;
			children = (
				A222F58C24036647001B7E6B /* Parse-Instagram.app */,
			);
			name = Products;
			sourceTree = "<group>";
		};
		A222F58E24036647001B7E6B /* Parse-Instagram */ = {
			isa = PBXGroup;
			children = (
				A222F58F24036647001B7E6B /* AppDelegate.swift */,
				A222F59124036647001B7E6B /* SceneDelegate.swift */,
				A222F59524036647001B7E6B /* Main.storyboard */,
				A222F5A324036A4B001B7E6B /* LoginViewController.swift */,
				A222F5982403664A001B7E6B /* Assets.xcassets */,
				A222F59A2403664A001B7E6B /* LaunchScreen.storyboard */,
				A222F59D2403664A001B7E6B /* Info.plist */,
				A222F5A524036A5E001B7E6B /* FeedViewController.swift */,
				A222F5A724037972001B7E6B /* CameraViewController.swift */,
				A222F5A924038F0A001B7E6B /* PostCell.swift */,
			);
			path = "Parse-Instagram";
			sourceTree = "<group>";
		};
		BA050090FFE024106851A35F /* Pods */ = {
			isa = PBXGroup;
			children = (
				86564BA11FAEED4910431F01 /* Pods-Parse-Instagram.debug.xcconfig */,
				CE787934EF39F314A769A8DF /* Pods-Parse-Instagram.release.xcconfig */,
			);
			path = Pods;
			sourceTree = "<group>";
		};
/* End PBXGroup section */

/* Begin PBXNativeTarget section */
		A222F58B24036647001B7E6B /* Parse-Instagram */ = {
			isa = PBXNativeTarget;
			buildConfigurationList = A222F5A02403664A001B7E6B /* Build configuration list for PBXNativeTarget "Parse-Instagram" */;
			buildPhases = (
				FC575D80D3C19DAFC37552B4 /* [CP] Check Pods Manifest.lock */,
				A222F58824036647001B7E6B /* Sources */,
				A222F58924036647001B7E6B /* Frameworks */,
				A222F58A24036647001B7E6B /* Resources */,
				DCB139914E563D515C447B93 /* [CP] Embed Pods Frameworks */,
			);
			buildRules = (
			);
			dependencies = (
			);
			name = "Parse-Instagram";
			productName = "Parse-Instagram";
			productReference = A222F58C24036647001B7E6B /* Parse-Instagram.app */;
			productType = "com.apple.product-type.application";
		};
/* End PBXNativeTarget section */

/* Begin PBXProject section */
		A222F58424036647001B7E6B /* Project object */ = {
			isa = PBXProject;
			attributes = {
				LastSwiftUpdateCheck = 1130;
				LastUpgradeCheck = 1130;
				ORGANIZATIONNAME = "Devanshi Pratiher";
				TargetAttributes = {
					A222F58B24036647001B7E6B = {
						CreatedOnToolsVersion = 11.3.1;
					};
				};
			};
			buildConfigurationList = A222F58724036647001B7E6B /* Build configuration list for PBXProject "Parse-Instagram" */;
			compatibilityVersion = "Xcode 9.3";
			developmentRegion = en;
			hasScannedForEncodings = 0;
			knownRegions = (
				en,
				Base,
			);
			mainGroup = A222F58324036647001B7E6B;
			productRefGroup = A222F58D24036647001B7E6B /* Products */;
			projectDirPath = "";
			projectRoot = "";
			targets = (
				A222F58B24036647001B7E6B /* Parse-Instagram */,
			);
		};
/* End PBXProject section */

/* Begin PBXResourcesBuildPhase section */
		A222F58A24036647001B7E6B /* Resources */ = {
			isa = PBXResourcesBuildPhase;
			buildActionMask = 2147483647;
			files = (
				A222F59C2403664A001B7E6B /* LaunchScreen.storyboard in Resources */,
				A222F5AC2405EC6D001B7E6B /* Default-568h@2x.png in Resources */,
				A222F5992403664A001B7E6B /* Assets.xcassets in Resources */,
				A222F59724036647001B7E6B /* Main.storyboard in Resources */,
			);
			runOnlyForDeploymentPostprocessing = 0;
		};
/* End PBXResourcesBuildPhase section */

/* Begin PBXShellScriptBuildPhase section */
		DCB139914E563D515C447B93 /* [CP] Embed Pods Frameworks */ = {
			isa = PBXShellScriptBuildPhase;
			buildActionMask = 2147483647;
			files = (
			);
			inputFileListPaths = (
				"${PODS_ROOT}/Target Support Files/Pods-Parse-Instagram/Pods-Parse-Instagram-frameworks-${CONFIGURATION}-input-files.xcfilelist",
			);
			name = "[CP] Embed Pods Frameworks";
			outputFileListPaths = (
				"${PODS_ROOT}/Target Support Files/Pods-Parse-Instagram/Pods-Parse-Instagram-frameworks-${CONFIGURATION}-output-files.xcfilelist",
			);
			runOnlyForDeploymentPostprocessing = 0;
			shellPath = /bin/sh;
			shellScript = "\"${PODS_ROOT}/Target Support Files/Pods-Parse-Instagram/Pods-Parse-Instagram-frameworks.sh\"\n";
			showEnvVarsInLog = 0;
		};
		FC575D80D3C19DAFC37552B4 /* [CP] Check Pods Manifest.lock */ = {
			isa = PBXShellScriptBuildPhase;
			buildActionMask = 2147483647;
			files = (
			);
			inputFileListPaths = (
			);
			inputPaths = (
				"${PODS_PODFILE_DIR_PATH}/Podfile.lock",
				"${PODS_ROOT}/Manifest.lock",
			);
			name = "[CP] Check Pods Manifest.lock";
			outputFileListPaths = (
			);
			outputPaths = (
				"$(DERIVED_FILE_DIR)/Pods-Parse-Instagram-checkManifestLockResult.txt",
			);
			runOnlyForDeploymentPostprocessing = 0;
			shellPath = /bin/sh;
			shellScript = "diff \"${PODS_PODFILE_DIR_PATH}/Podfile.lock\" \"${PODS_ROOT}/Manifest.lock\" > /dev/null\nif [ $? != 0 ] ; then\n    # print error to STDERR\n    echo \"error: The sandbox is not in sync with the Podfile.lock. Run 'pod install' or update your CocoaPods installation.\" >&2\n    exit 1\nfi\n# This output is used by Xcode 'outputs' to avoid re-running this script phase.\necho \"SUCCESS\" > \"${SCRIPT_OUTPUT_FILE_0}\"\n";
			showEnvVarsInLog = 0;
		};
/* End PBXShellScriptBuildPhase section */

/* Begin PBXSourcesBuildPhase section */
		A222F58824036647001B7E6B /* Sources */ = {
			isa = PBXSourcesBuildPhase;
			buildActionMask = 2147483647;
			files = (
				A222F5A424036A4B001B7E6B /* LoginViewController.swift in Sources */,
				A222F5A824037972001B7E6B /* CameraViewController.swift in Sources */,
				A222F59024036647001B7E6B /* AppDelegate.swift in Sources */,
				A222F5A624036A5E001B7E6B /* FeedViewController.swift in Sources */,
				A222F59224036647001B7E6B /* SceneDelegate.swift in Sources */,
				A222F5AA24038F0A001B7E6B /* PostCell.swift in Sources */,
			);
			runOnlyForDeploymentPostprocessing = 0;
		};
/* End PBXSourcesBuildPhase section */

/* Begin PBXVariantGroup section */
		A222F59524036647001B7E6B /* Main.storyboard */ = {
			isa = PBXVariantGroup;
			children = (
				A222F59624036647001B7E6B /* Base */,
			);
			name = Main.storyboard;
			sourceTree = "<group>";
		};
		A222F59A2403664A001B7E6B /* LaunchScreen.storyboard */ = {
			isa = PBXVariantGroup;
			children = (
				A222F59B2403664A001B7E6B /* Base */,
			);
			name = LaunchScreen.storyboard;
			sourceTree = "<group>";
		};
/* End PBXVariantGroup section */

/* Begin XCBuildConfiguration section */
		A222F59E2403664A001B7E6B /* Debug */ = {
			isa = XCBuildConfiguration;
			buildSettings = {
				ALWAYS_SEARCH_USER_PATHS = NO;
				CLANG_ANALYZER_NONNULL = YES;
				CLANG_ANALYZER_NUMBER_OBJECT_CONVERSION = YES_AGGRESSIVE;
				CLANG_CXX_LANGUAGE_STANDARD = "gnu++14";
				CLANG_CXX_LIBRARY = "libc++";
				CLANG_ENABLE_MODULES = YES;
				CLANG_ENABLE_OBJC_ARC = YES;
				CLANG_ENABLE_OBJC_WEAK = YES;
				CLANG_WARN_BLOCK_CAPTURE_AUTORELEASING = YES;
				CLANG_WARN_BOOL_CONVERSION = YES;
				CLANG_WARN_COMMA = YES;
				CLANG_WARN_CONSTANT_CONVERSION = YES;
				CLANG_WARN_DEPRECATED_OBJC_IMPLEMENTATIONS = YES;
				CLANG_WARN_DIRECT_OBJC_ISA_USAGE = YES_ERROR;
				CLANG_WARN_DOCUMENTATION_COMMENTS = YES;
				CLANG_WARN_EMPTY_BODY = YES;
				CLANG_WARN_ENUM_CONVERSION = YES;
				CLANG_WARN_INFINITE_RECURSION = YES;
				CLANG_WARN_INT_CONVERSION = YES;
				CLANG_WARN_NON_LITERAL_NULL_CONVERSION = YES;
				CLANG_WARN_OBJC_IMPLICIT_RETAIN_SELF = YES;
				CLANG_WARN_OBJC_LITERAL_CONVERSION = YES;
				CLANG_WARN_OBJC_ROOT_CLASS = YES_ERROR;
				CLANG_WARN_RANGE_LOOP_ANALYSIS = YES;
				CLANG_WARN_STRICT_PROTOTYPES = YES;
				CLANG_WARN_SUSPICIOUS_MOVE = YES;
				CLANG_WARN_UNGUARDED_AVAILABILITY = YES_AGGRESSIVE;
				CLANG_WARN_UNREACHABLE_CODE = YES;
				CLANG_WARN__DUPLICATE_METHOD_MATCH = YES;
				COPY_PHASE_STRIP = NO;
				DEBUG_INFORMATION_FORMAT = dwarf;
				ENABLE_STRICT_OBJC_MSGSEND = YES;
				ENABLE_TESTABILITY = YES;
				GCC_C_LANGUAGE_STANDARD = gnu11;
				GCC_DYNAMIC_NO_PIC = NO;
				GCC_NO_COMMON_BLOCKS = YES;
				GCC_OPTIMIZATION_LEVEL = 0;
				GCC_PREPROCESSOR_DEFINITIONS = (
					"DEBUG=1",
					"$(inherited)",
				);
				GCC_WARN_64_TO_32_BIT_CONVERSION = YES;
				GCC_WARN_ABOUT_RETURN_TYPE = YES_ERROR;
				GCC_WARN_UNDECLARED_SELECTOR = YES;
				GCC_WARN_UNINITIALIZED_AUTOS = YES_AGGRESSIVE;
				GCC_WARN_UNUSED_FUNCTION = YES;
				GCC_WARN_UNUSED_VARIABLE = YES;
				IPHONEOS_DEPLOYMENT_TARGET = 13.2;
				MTL_ENABLE_DEBUG_INFO = INCLUDE_SOURCE;
				MTL_FAST_MATH = YES;
				ONLY_ACTIVE_ARCH = YES;
				SDKROOT = iphoneos;
				SWIFT_ACTIVE_COMPILATION_CONDITIONS = DEBUG;
				SWIFT_OPTIMIZATION_LEVEL = "-Onone";
			};
			name = Debug;
		};
		A222F59F2403664A001B7E6B /* Release */ = {
			isa = XCBuildConfiguration;
			buildSettings = {
				ALWAYS_SEARCH_USER_PATHS = NO;
				CLANG_ANALYZER_NONNULL = YES;
				CLANG_ANALYZER_NUMBER_OBJECT_CONVERSION = YES_AGGRESSIVE;
				CLANG_CXX_LANGUAGE_STANDARD = "gnu++14";
				CLANG_CXX_LIBRARY = "libc++";
				CLANG_ENABLE_MODULES = YES;
				CLANG_ENABLE_OBJC_ARC = YES;
				CLANG_ENABLE_OBJC_WEAK = YES;
				CLANG_WARN_BLOCK_CAPTURE_AUTORELEASING = YES;
				CLANG_WARN_BOOL_CONVERSION = YES;
				CLANG_WARN_COMMA = YES;
				CLANG_WARN_CONSTANT_CONVERSION = YES;
				CLANG_WARN_DEPRECATED_OBJC_IMPLEMENTATIONS = YES;
				CLANG_WARN_DIRECT_OBJC_ISA_USAGE = YES_ERROR;
				CLANG_WARN_DOCUMENTATION_COMMENTS = YES;
				CLANG_WARN_EMPTY_BODY = YES;
				CLANG_WARN_ENUM_CONVERSION = YES;
				CLANG_WARN_INFINITE_RECURSION = YES;
				CLANG_WARN_INT_CONVERSION = YES;
				CLANG_WARN_NON_LITERAL_NULL_CONVERSION = YES;
				CLANG_WARN_OBJC_IMPLICIT_RETAIN_SELF = YES;
				CLANG_WARN_OBJC_LITERAL_CONVERSION = YES;
				CLANG_WARN_OBJC_ROOT_CLASS = YES_ERROR;
				CLANG_WARN_RANGE_LOOP_ANALYSIS = YES;
				CLANG_WARN_STRICT_PROTOTYPES = YES;
				CLANG_WARN_SUSPICIOUS_MOVE = YES;
				CLANG_WARN_UNGUARDED_AVAILABILITY = YES_AGGRESSIVE;
				CLANG_WARN_UNREACHABLE_CODE = YES;
				CLANG_WARN__DUPLICATE_METHOD_MATCH = YES;
				COPY_PHASE_STRIP = NO;
				DEBUG_INFORMATION_FORMAT = "dwarf-with-dsym";
				ENABLE_NS_ASSERTIONS = NO;
				ENABLE_STRICT_OBJC_MSGSEND = YES;
				GCC_C_LANGUAGE_STANDARD = gnu11;
				GCC_NO_COMMON_BLOCKS = YES;
				GCC_WARN_64_TO_32_BIT_CONVERSION = YES;
				GCC_WARN_ABOUT_RETURN_TYPE = YES_ERROR;
				GCC_WARN_UNDECLARED_SELECTOR = YES;
				GCC_WARN_UNINITIALIZED_AUTOS = YES_AGGRESSIVE;
				GCC_WARN_UNUSED_FUNCTION = YES;
				GCC_WARN_UNUSED_VARIABLE = YES;
				IPHONEOS_DEPLOYMENT_TARGET = 13.2;
				MTL_ENABLE_DEBUG_INFO = NO;
				MTL_FAST_MATH = YES;
				SDKROOT = iphoneos;
				SWIFT_COMPILATION_MODE = wholemodule;
				SWIFT_OPTIMIZATION_LEVEL = "-O";
				VALIDATE_PRODUCT = YES;
			};
			name = Release;
		};
		A222F5A12403664A001B7E6B /* Debug */ = {
			isa = XCBuildConfiguration;
			baseConfigurationReference = 86564BA11FAEED4910431F01 /* Pods-Parse-Instagram.debug.xcconfig */;
			buildSettings = {
				ASSETCATALOG_COMPILER_APPICON_NAME = AppIcon;
				CODE_SIGN_STYLE = Automatic;
				INFOPLIST_FILE = "Parse-Instagram/Info.plist";
				LD_RUNPATH_SEARCH_PATHS = (
					"$(inherited)",
					"@executable_path/Frameworks",
				);
				PRODUCT_BUNDLE_IDENTIFIER = "Code-Path.Parse-Instagram";
				PRODUCT_NAME = "$(TARGET_NAME)";
				SWIFT_VERSION = 5.0;
				TARGETED_DEVICE_FAMILY = "1,2";
			};
			name = Debug;
		};
		A222F5A22403664A001B7E6B /* Release */ = {
			isa = XCBuildConfiguration;
			baseConfigurationReference = CE787934EF39F314A769A8DF /* Pods-Parse-Instagram.release.xcconfig */;
			buildSettings = {
				ASSETCATALOG_COMPILER_APPICON_NAME = AppIcon;
				CODE_SIGN_STYLE = Automatic;
				INFOPLIST_FILE = "Parse-Instagram/Info.plist";
				LD_RUNPATH_SEARCH_PATHS = (
					"$(inherited)",
					"@executable_path/Frameworks",
				);
				PRODUCT_BUNDLE_IDENTIFIER = "Code-Path.Parse-Instagram";
				PRODUCT_NAME = "$(TARGET_NAME)";
				SWIFT_VERSION = 5.0;
				TARGETED_DEVICE_FAMILY = "1,2";
			};
			name = Release;
		};
/* End XCBuildConfiguration section */

/* Begin XCConfigurationList section */
		A222F58724036647001B7E6B /* Build configuration list for PBXProject "Parse-Instagram" */ = {
			isa = XCConfigurationList;
			buildConfigurations = (
				A222F59E2403664A001B7E6B /* Debug */,
				A222F59F2403664A001B7E6B /* Release */,
			);
			defaultConfigurationIsVisible = 0;
			defaultConfigurationName = Release;
		};
		A222F5A02403664A001B7E6B /* Build configuration list for PBXNativeTarget "Parse-Instagram" */ = {
			isa = XCConfigurationList;
			buildConfigurations = (
				A222F5A12403664A001B7E6B /* Debug */,
				A222F5A22403664A001B7E6B /* Release */,
			);
			defaultConfigurationIsVisible = 0;
			defaultConfigurationName = Release;
		};
/* End XCConfigurationList section */
	};
	rootObject = A222F58424036647001B7E6B /* Project object */;
}
